Microsoft Visual Studio Solution File, Format Version 12.00
# Visual Studio 2012
Project("{230472B3-DAAF-9B91-FD7E-BDC22E5F919B}") = "BlurRunner", "Assembly-CSharp-firstpass.csproj", "{D162EEBE-7A0E-355C-FE26-2E7D682AD3F9}"
EndProject
Project("{230472B3-DAAF-9B91-FD7E-BDC22E5F919B}") = "BlurRunner", "Assembly-CSharp.csproj", "{53BDAE1C-C528-1C3E-BCEB-6033C9231B6E}"
EndProject
Project("{230472B3-DAAF-9B91-FD7E-BDC22E5F919B}") = "BlurRunner", "Assembly-CSharp-Editor-firstpass.csproj", "{ACB43AE4-04A4-D6C9-A230-1A2858173386}"
EndProject
Project("{230472B3-DAAF-9B91-FD7E-BDC22E5F919B}") = "BlurRunner", "Assembly-CSharp-Editor.csproj", "{982A068E-D23C-09AE-A0C0-B1AA2F0D914F}"
EndProject
Global
	GlobalSection(SolutionConfigurationPlatforms) = preSolution
		Debug|Any CPU = Debug|Any CPU
		Release|Any CPU = Release|Any CPU
	EndGlobalSection
	GlobalSection(ProjectConfigurationPlatforms) = postSolution
		{D162EEBE-7A0E-355C-FE26-2E7D682AD3F9}.Debug|Any CPU.ActiveCfg = Debug|Any CPU
		{D162EEBE-7A0E-355C-FE26-2E7D682AD3F9}.Debug|Any CPU.Build.0 = Debug|Any CPU
		{D162EEBE-7A0E-355C-FE26-2E7D682AD3F9}.Release|Any CPU.ActiveCfg = Release|Any CPU
		{D162EEBE-7A0E-355C-FE26-2E7D682AD3F9}.Release|Any CPU.Build.0 = Release|Any CPU
		{53BDAE1C-C528-1C3E-BCEB-6033C9231B6E}.Debug|Any CPU.ActiveCfg = Debug|Any CPU
		{53BDAE1C-C528-1C3E-BCEB-6033C9231B6E}.Debug|Any CPU.Build.0 = Debug|Any CPU
		{53BDAE1C-C528-1C3E-BCEB-6033C9231B6E}.Release|Any CPU.ActiveCfg = Release|Any CPU
		{53BDAE1C-C528-1C3E-BCEB-6033C9231B6E}.Release|Any CPU.Build.0 = Release|Any CPU
		{ACB43AE4-04A4-D6C9-A230-1A2858173386}.Debug|Any CPU.ActiveCfg = Debug|Any CPU
		{ACB43AE4-04A4-D6C9-A230-1A2858173386}.Debug|Any CPU.Build.0 = Debug|Any CPU
		{ACB43AE4-04A4-D6C9-A230-1A2858173386}.Release|Any CPU.ActiveCfg = Release|Any CPU
		{ACB43AE4-04A4-D6C9-A230-1A2858173386}.Release|Any CPU.Build.0 = Release|Any CPU
		{982A068E-D23C-09AE-A0C0-B1AA2F0D914F}.Debug|Any CPU.ActiveCfg = Debug|Any CPU
		{982A068E-D23C-09AE-A0C0-B1AA2F0D914F}.Debug|Any CPU.Build.0 = Debug|Any CPU
		{982A068E-D23C-09AE-A0C0-B1AA2F0D914F}.Release|Any CPU.ActiveCfg = Release|Any CPU
		{982A068E-D23C-09AE-A0C0-B1AA2F0D914F}.Release|Any CPU.Build.0 = Release|Any CPU
	EndGlobalSection
	GlobalSection(MonoDevelopProperties) = preSolution
		StartupItem = Assembly-CSharp.csproj
	EndGlobalSection
EndGlobal
