
Microsoft Visual Studio Solution File, Format Version 12.00
# Visual Studio 2013
Project("{FAE04EC0-301F-11D3-BF4B-00C04F79EFBC}") = "UnityVS.BlurRunner.CSharp.Plugins", "UnityVS.BlurRunner.CSharp.Plugins.csproj", "{F1ED7E48-E66B-8248-DB19-4788C2B75555}"
EndProject
Global
	GlobalSection(SolutionConfigurationPlatforms) = preSolution
		Debug|Any CPU = Debug|Any CPU
		Release|Any CPU = Release|Any CPU
	EndGlobalSection
	GlobalSection(ProjectConfigurationPlatforms) = postSolution
		{F1ED7E48-E66B-8248-DB19-4788C2B75555}.Debug|Any CPU.ActiveCfg = Debug|Any CPU
		{F1ED7E48-E66B-8248-DB19-4788C2B75555}.Debug|Any CPU.Build.0 = Debug|Any CPU
		{F1ED7E48-E66B-8248-DB19-4788C2B75555}.Release|Any CPU.ActiveCfg = Release|Any CPU
		{F1ED7E48-E66B-8248-DB19-4788C2B75555}.Release|Any CPU.Build.0 = Release|Any CPU
	EndGlobalSection
	GlobalSection(SolutionProperties) = preSolution
		HideSolutionNode = FALSE
	EndGlobalSection
EndGlobal
